
Microsoft Visual Studio Solution File, Format Version 12.00
# Visual Studio Version 16
VisualStudioVersion = 16.0.29509.3
MinimumVisualStudioVersion = 10.0.40219.1
Project("{FAE04EC0-301F-11D3-BF4B-00C04F79EFBC}") = "Lesson8", "Lesson8\Lesson8.csproj", "{3ABB2390-7FF9-4CC6-B522-D2EDE82DD92D}"
EndProject
Global
	GlobalSection(SolutionConfigurationPlatforms) = preSolution
		Debug|Any CPU = Debug|Any CPU
		Release|Any CPU = Release|Any CPU
	EndGlobalSection
	GlobalSection(ProjectConfigurationPlatforms) = postSolution
		{3ABB2390-7FF9-4CC6-B522-D2EDE82DD92D}.Debug|Any CPU.ActiveCfg = Debug|Any CPU
		{3ABB2390-7FF9-4CC6-B522-D2EDE82DD92D}.Debug|Any CPU.Build.0 = Debug|Any CPU
		{3ABB2390-7FF9-4CC6-B522-D2EDE82DD92D}.Release|Any CPU.ActiveCfg = Release|Any CPU
		{3ABB2390-7FF9-4CC6-B522-D2EDE82DD92D}.Release|Any CPU.Build.0 = Release|Any CPU
	EndGlobalSection
	GlobalSection(SolutionProperties) = preSolution
		HideSolutionNode = FALSE
	EndGlobalSection
	GlobalSection(ExtensibilityGlobals) = postSolution
		SolutionGuid = {FCB5CB49-A0C9-4258-9B6E-545478DABA34}
	EndGlobalSection
EndGlobal
