
Microsoft Visual Studio Solution File, Format Version 12.00
# Visual Studio Version 16
VisualStudioVersion = 16.0.29509.3
MinimumVisualStudioVersion = 10.0.40219.1
Project("{FAE04EC0-301F-11D3-BF4B-00C04F79EFBC}") = "4_5LabSolution", "4_5LabSolution\4_5LabSolution.csproj", "{0F2DE173-8D43-4B21-BBE9-F6CD73B69FE2}"
EndProject
Global
	GlobalSection(SolutionConfigurationPlatforms) = preSolution
		Debug|Any CPU = Debug|Any CPU
		Release|Any CPU = Release|Any CPU
	EndGlobalSection
	GlobalSection(ProjectConfigurationPlatforms) = postSolution
		{0F2DE173-8D43-4B21-BBE9-F6CD73B69FE2}.Debug|Any CPU.ActiveCfg = Debug|Any CPU
		{0F2DE173-8D43-4B21-BBE9-F6CD73B69FE2}.Debug|Any CPU.Build.0 = Debug|Any CPU
		{0F2DE173-8D43-4B21-BBE9-F6CD73B69FE2}.Release|Any CPU.ActiveCfg = Release|Any CPU
		{0F2DE173-8D43-4B21-BBE9-F6CD73B69FE2}.Release|Any CPU.Build.0 = Release|Any CPU
	EndGlobalSection
	GlobalSection(SolutionProperties) = preSolution
		HideSolutionNode = FALSE
	EndGlobalSection
	GlobalSection(ExtensibilityGlobals) = postSolution
		SolutionGuid = {5345F562-BFA7-4217-98EC-FE029CE5D66F}
	EndGlobalSection
EndGlobal
