
Microsoft Visual Studio Solution File, Format Version 12.00
# Visual Studio Version 16
VisualStudioVersion = 16.0.29509.3
MinimumVisualStudioVersion = 10.0.40219.1
Project("{FAE04EC0-301F-11D3-BF4B-00C04F79EFBC}") = "AboutCSharp", "AboutCSharp\AboutCSharp.csproj", "{6ACFC940-7243-43AA-9D67-F6C349E395DB}"
EndProject
Global
	GlobalSection(SolutionConfigurationPlatforms) = preSolution
		Debug|Any CPU = Debug|Any CPU
		Release|Any CPU = Release|Any CPU
	EndGlobalSection
	GlobalSection(ProjectConfigurationPlatforms) = postSolution
		{6ACFC940-7243-43AA-9D67-F6C349E395DB}.Debug|Any CPU.ActiveCfg = Debug|Any CPU
		{6ACFC940-7243-43AA-9D67-F6C349E395DB}.Debug|Any CPU.Build.0 = Debug|Any CPU
		{6ACFC940-7243-43AA-9D67-F6C349E395DB}.Release|Any CPU.ActiveCfg = Release|Any CPU
		{6ACFC940-7243-43AA-9D67-F6C349E395DB}.Release|Any CPU.Build.0 = Release|Any CPU
	EndGlobalSection
	GlobalSection(SolutionProperties) = preSolution
		HideSolutionNode = FALSE
	EndGlobalSection
	GlobalSection(ExtensibilityGlobals) = postSolution
		SolutionGuid = {D2CEE534-48D0-4D6F-A568-624BCE88F660}
	EndGlobalSection
EndGlobal
