
Microsoft Visual Studio Solution File, Format Version 12.00
# Visual Studio Version 16
VisualStudioVersion = 16.0.29509.3
MinimumVisualStudioVersion = 10.0.40219.1
Project("{FAE04EC0-301F-11D3-BF4B-00C04F79EFBC}") = "5_2LabSolution", "5_2LabSolution\5_2LabSolution.csproj", "{6EB759AD-EE69-4EBD-B348-D2EA174F4EAB}"
EndProject
Global
	GlobalSection(SolutionConfigurationPlatforms) = preSolution
		Debug|Any CPU = Debug|Any CPU
		Release|Any CPU = Release|Any CPU
	EndGlobalSection
	GlobalSection(ProjectConfigurationPlatforms) = postSolution
		{6EB759AD-EE69-4EBD-B348-D2EA174F4EAB}.Debug|Any CPU.ActiveCfg = Debug|Any CPU
		{6EB759AD-EE69-4EBD-B348-D2EA174F4EAB}.Debug|Any CPU.Build.0 = Debug|Any CPU
		{6EB759AD-EE69-4EBD-B348-D2EA174F4EAB}.Release|Any CPU.ActiveCfg = Release|Any CPU
		{6EB759AD-EE69-4EBD-B348-D2EA174F4EAB}.Release|Any CPU.Build.0 = Release|Any CPU
	EndGlobalSection
	GlobalSection(SolutionProperties) = preSolution
		HideSolutionNode = FALSE
	EndGlobalSection
	GlobalSection(ExtensibilityGlobals) = postSolution
		SolutionGuid = {BF17832A-E2C6-450D-80D8-17F395BBD09F}
	EndGlobalSection
EndGlobal
