
Microsoft Visual Studio Solution File, Format Version 12.00
# Visual Studio Version 16
VisualStudioVersion = 16.0.29509.3
MinimumVisualStudioVersion = 10.0.40219.1
Project("{FAE04EC0-301F-11D3-BF4B-00C04F79EFBC}") = "8_5RealityTV", "8_5RealityTV\8_5RealityTV.csproj", "{A1679596-BCAF-4E69-BE87-74E9A111B3EE}"
EndProject
Global
	GlobalSection(SolutionConfigurationPlatforms) = preSolution
		Debug|Any CPU = Debug|Any CPU
		Release|Any CPU = Release|Any CPU
	EndGlobalSection
	GlobalSection(ProjectConfigurationPlatforms) = postSolution
		{A1679596-BCAF-4E69-BE87-74E9A111B3EE}.Debug|Any CPU.ActiveCfg = Debug|Any CPU
		{A1679596-BCAF-4E69-BE87-74E9A111B3EE}.Debug|Any CPU.Build.0 = Debug|Any CPU
		{A1679596-BCAF-4E69-BE87-74E9A111B3EE}.Release|Any CPU.ActiveCfg = Release|Any CPU
		{A1679596-BCAF-4E69-BE87-74E9A111B3EE}.Release|Any CPU.Build.0 = Release|Any CPU
	EndGlobalSection
	GlobalSection(SolutionProperties) = preSolution
		HideSolutionNode = FALSE
	EndGlobalSection
	GlobalSection(ExtensibilityGlobals) = postSolution
		SolutionGuid = {AC930BF2-7109-48A3-B984-F2D09E91DF1D}
	EndGlobalSection
EndGlobal
