
Microsoft Visual Studio Solution File, Format Version 12.00
# Visual Studio Version 16
VisualStudioVersion = 16.0.29509.3
MinimumVisualStudioVersion = 10.0.40219.1
Project("{FAE04EC0-301F-11D3-BF4B-00C04F79EFBC}") = "Lists", "Lists\Lists.csproj", "{ADC9BE73-FF65-4185-AB71-4C2562FB5346}"
EndProject
Global
	GlobalSection(SolutionConfigurationPlatforms) = preSolution
		Debug|Any CPU = Debug|Any CPU
		Release|Any CPU = Release|Any CPU
	EndGlobalSection
	GlobalSection(ProjectConfigurationPlatforms) = postSolution
		{ADC9BE73-FF65-4185-AB71-4C2562FB5346}.Debug|Any CPU.ActiveCfg = Debug|Any CPU
		{ADC9BE73-FF65-4185-AB71-4C2562FB5346}.Debug|Any CPU.Build.0 = Debug|Any CPU
		{ADC9BE73-FF65-4185-AB71-4C2562FB5346}.Release|Any CPU.ActiveCfg = Release|Any CPU
		{ADC9BE73-FF65-4185-AB71-4C2562FB5346}.Release|Any CPU.Build.0 = Release|Any CPU
	EndGlobalSection
	GlobalSection(SolutionProperties) = preSolution
		HideSolutionNode = FALSE
	EndGlobalSection
	GlobalSection(ExtensibilityGlobals) = postSolution
		SolutionGuid = {836B99A8-44F6-4C6E-A4F8-1AC0D286B87B}
	EndGlobalSection
EndGlobal
