
Microsoft Visual Studio Solution File, Format Version 12.00
# Visual Studio Version 16
VisualStudioVersion = 16.0.29509.3
MinimumVisualStudioVersion = 10.0.40219.1
Project("{FAE04EC0-301F-11D3-BF4B-00C04F79EFBC}") = "Lambda", "Lambda\Lambda.csproj", "{0896A218-E443-4155-9D6C-055A349BEE55}"
EndProject
Global
	GlobalSection(SolutionConfigurationPlatforms) = preSolution
		Debug|Any CPU = Debug|Any CPU
		Release|Any CPU = Release|Any CPU
	EndGlobalSection
	GlobalSection(ProjectConfigurationPlatforms) = postSolution
		{0896A218-E443-4155-9D6C-055A349BEE55}.Debug|Any CPU.ActiveCfg = Debug|Any CPU
		{0896A218-E443-4155-9D6C-055A349BEE55}.Debug|Any CPU.Build.0 = Debug|Any CPU
		{0896A218-E443-4155-9D6C-055A349BEE55}.Release|Any CPU.ActiveCfg = Release|Any CPU
		{0896A218-E443-4155-9D6C-055A349BEE55}.Release|Any CPU.Build.0 = Release|Any CPU
	EndGlobalSection
	GlobalSection(SolutionProperties) = preSolution
		HideSolutionNode = FALSE
	EndGlobalSection
	GlobalSection(ExtensibilityGlobals) = postSolution
		SolutionGuid = {F9BCA60A-D7A0-400C-BBEA-41D7A95679D8}
	EndGlobalSection
EndGlobal
