
Microsoft Visual Studio Solution File, Format Version 12.00
# Visual Studio Version 16
VisualStudioVersion = 16.0.29509.3
MinimumVisualStudioVersion = 10.0.40219.1
Project("{FAE04EC0-301F-11D3-BF4B-00C04F79EFBC}") = "Lesson5", "Lesson5\Lesson5.csproj", "{C14C8231-B3CA-47DB-B91A-89B0B6DAC3BE}"
EndProject
Global
	GlobalSection(SolutionConfigurationPlatforms) = preSolution
		Debug|Any CPU = Debug|Any CPU
		Release|Any CPU = Release|Any CPU
	EndGlobalSection
	GlobalSection(ProjectConfigurationPlatforms) = postSolution
		{C14C8231-B3CA-47DB-B91A-89B0B6DAC3BE}.Debug|Any CPU.ActiveCfg = Debug|Any CPU
		{C14C8231-B3CA-47DB-B91A-89B0B6DAC3BE}.Debug|Any CPU.Build.0 = Debug|Any CPU
		{C14C8231-B3CA-47DB-B91A-89B0B6DAC3BE}.Release|Any CPU.ActiveCfg = Release|Any CPU
		{C14C8231-B3CA-47DB-B91A-89B0B6DAC3BE}.Release|Any CPU.Build.0 = Release|Any CPU
	EndGlobalSection
	GlobalSection(SolutionProperties) = preSolution
		HideSolutionNode = FALSE
	EndGlobalSection
	GlobalSection(ExtensibilityGlobals) = postSolution
		SolutionGuid = {F99A1061-12AE-4AB6-9310-8BAF39E4D5C7}
	EndGlobalSection
EndGlobal
